
Microsoft Visual Studio Solution File, Format Version 12.00
# Visual Studio 2012
Project("{FAE04EC0-301F-11D3-BF4B-00C04F79EFBC}") = "PostGis", "PostGis\PostGis.csproj", "{AC1A1875-F840-4EED-AA2C-8010923C6820}"
EndProject
Project("{FAE04EC0-301F-11D3-BF4B-00C04F79EFBC}") = "PostGis.Tests", "PostGis.Tests\PostGis.Tests.csproj", "{61E1B45B-069C-41AF-BD57-D77F33535BC9}"
EndProject
Project("{FAE04EC0-301F-11D3-BF4B-00C04F79EFBC}") = "PostGis.DAL", "PostGis.DAL\PostGis.DAL.csproj", "{DFF37751-642E-4CD1-A375-E42D89C8D813}"
EndProject
Project("{FAE04EC0-301F-11D3-BF4B-00C04F79EFBC}") = "PostGis.Model", "PostGis.Model\PostGis.Model.csproj", "{97A11288-95B5-4980-80DE-DA2EF57232A7}"
EndProject
Project("{FAE04EC0-301F-11D3-BF4B-00C04F79EFBC}") = "PostGis.BLL", "PostGis.BLL\PostGis.BLL.csproj", "{1E1BE276-BD58-4B74-AD08-0C12BFB40DA6}"
EndProject
Project("{FAE04EC0-301F-11D3-BF4B-00C04F79EFBC}") = "PostGis.Framework", "PostGis.Framework\PostGis.Framework.csproj", "{EC5A23BC-A7CC-4692-BAC0-61DBBBD9BAEB}"
EndProject
Project("{FAE04EC0-301F-11D3-BF4B-00C04F79EFBC}") = "PostGis.DBMap", "PostGis.DBMap\PostGis.DBMap.csproj", "{93A8CC88-533E-4A94-B447-E262480CD68B}"
EndProject
Global
	GlobalSection(SolutionConfigurationPlatforms) = preSolution
		Debug|Any CPU = Debug|Any CPU
		Release|Any CPU = Release|Any CPU
	EndGlobalSection
	GlobalSection(ProjectConfigurationPlatforms) = postSolution
		{AC1A1875-F840-4EED-AA2C-8010923C6820}.Debug|Any CPU.ActiveCfg = Debug|Any CPU
		{AC1A1875-F840-4EED-AA2C-8010923C6820}.Debug|Any CPU.Build.0 = Debug|Any CPU
		{AC1A1875-F840-4EED-AA2C-8010923C6820}.Release|Any CPU.ActiveCfg = Release|Any CPU
		{AC1A1875-F840-4EED-AA2C-8010923C6820}.Release|Any CPU.Build.0 = Release|Any CPU
		{61E1B45B-069C-41AF-BD57-D77F33535BC9}.Debug|Any CPU.ActiveCfg = Debug|Any CPU
		{61E1B45B-069C-41AF-BD57-D77F33535BC9}.Debug|Any CPU.Build.0 = Debug|Any CPU
		{61E1B45B-069C-41AF-BD57-D77F33535BC9}.Release|Any CPU.ActiveCfg = Release|Any CPU
		{61E1B45B-069C-41AF-BD57-D77F33535BC9}.Release|Any CPU.Build.0 = Release|Any CPU
		{DFF37751-642E-4CD1-A375-E42D89C8D813}.Debug|Any CPU.ActiveCfg = Debug|Any CPU
		{DFF37751-642E-4CD1-A375-E42D89C8D813}.Debug|Any CPU.Build.0 = Debug|Any CPU
		{DFF37751-642E-4CD1-A375-E42D89C8D813}.Release|Any CPU.ActiveCfg = Release|Any CPU
		{DFF37751-642E-4CD1-A375-E42D89C8D813}.Release|Any CPU.Build.0 = Release|Any CPU
		{97A11288-95B5-4980-80DE-DA2EF57232A7}.Debug|Any CPU.ActiveCfg = Debug|Any CPU
		{97A11288-95B5-4980-80DE-DA2EF57232A7}.Debug|Any CPU.Build.0 = Debug|Any CPU
		{97A11288-95B5-4980-80DE-DA2EF57232A7}.Release|Any CPU.ActiveCfg = Release|Any CPU
		{97A11288-95B5-4980-80DE-DA2EF57232A7}.Release|Any CPU.Build.0 = Release|Any CPU
		{1E1BE276-BD58-4B74-AD08-0C12BFB40DA6}.Debug|Any CPU.ActiveCfg = Debug|Any CPU
		{1E1BE276-BD58-4B74-AD08-0C12BFB40DA6}.Debug|Any CPU.Build.0 = Debug|Any CPU
		{1E1BE276-BD58-4B74-AD08-0C12BFB40DA6}.Release|Any CPU.ActiveCfg = Release|Any CPU
		{1E1BE276-BD58-4B74-AD08-0C12BFB40DA6}.Release|Any CPU.Build.0 = Release|Any CPU
		{EC5A23BC-A7CC-4692-BAC0-61DBBBD9BAEB}.Debug|Any CPU.ActiveCfg = Debug|Any CPU
		{EC5A23BC-A7CC-4692-BAC0-61DBBBD9BAEB}.Debug|Any CPU.Build.0 = Debug|Any CPU
		{EC5A23BC-A7CC-4692-BAC0-61DBBBD9BAEB}.Release|Any CPU.ActiveCfg = Release|Any CPU
		{EC5A23BC-A7CC-4692-BAC0-61DBBBD9BAEB}.Release|Any CPU.Build.0 = Release|Any CPU
		{93A8CC88-533E-4A94-B447-E262480CD68B}.Debug|Any CPU.ActiveCfg = Debug|Any CPU
		{93A8CC88-533E-4A94-B447-E262480CD68B}.Debug|Any CPU.Build.0 = Debug|Any CPU
		{93A8CC88-533E-4A94-B447-E262480CD68B}.Release|Any CPU.ActiveCfg = Release|Any CPU
		{93A8CC88-533E-4A94-B447-E262480CD68B}.Release|Any CPU.Build.0 = Release|Any CPU
	EndGlobalSection
	GlobalSection(SolutionProperties) = preSolution
		HideSolutionNode = FALSE
	EndGlobalSection
EndGlobal
