
Microsoft Visual Studio Solution File, Format Version 12.00
# Visual Studio 2012
Project("{FAE04EC0-301F-11D3-BF4B-00C04F79EFBC}") = "PostGis", "PostGis\PostGis.csproj", "{AC1A1875-F840-4EED-AA2C-8010923C6820}"
EndProject
Project("{FAE04EC0-301F-11D3-BF4B-00C04F79EFBC}") = "PostGis.Tests", "PostGis.Tests\PostGis.Tests.csproj", "{61E1B45B-069C-41AF-BD57-D77F33535BC9}"
EndProject
Global
	GlobalSection(SolutionConfigurationPlatforms) = preSolution
		Debug|Any CPU = Debug|Any CPU
		Release|Any CPU = Release|Any CPU
	EndGlobalSection
	GlobalSection(ProjectConfigurationPlatforms) = postSolution
		{AC1A1875-F840-4EED-AA2C-8010923C6820}.Debug|Any CPU.ActiveCfg = Debug|Any CPU
		{AC1A1875-F840-4EED-AA2C-8010923C6820}.Debug|Any CPU.Build.0 = Debug|Any CPU
		{AC1A1875-F840-4EED-AA2C-8010923C6820}.Release|Any CPU.ActiveCfg = Release|Any CPU
		{AC1A1875-F840-4EED-AA2C-8010923C6820}.Release|Any CPU.Build.0 = Release|Any CPU
		{61E1B45B-069C-41AF-BD57-D77F33535BC9}.Debug|Any CPU.ActiveCfg = Debug|Any CPU
		{61E1B45B-069C-41AF-BD57-D77F33535BC9}.Debug|Any CPU.Build.0 = Debug|Any CPU
		{61E1B45B-069C-41AF-BD57-D77F33535BC9}.Release|Any CPU.ActiveCfg = Release|Any CPU
		{61E1B45B-069C-41AF-BD57-D77F33535BC9}.Release|Any CPU.Build.0 = Release|Any CPU
	EndGlobalSection
	GlobalSection(SolutionProperties) = preSolution
		HideSolutionNode = FALSE
	EndGlobalSection
EndGlobal
